
Microsoft Visual Studio Solution File, Format Version 12.00
# Visual Studio Version 16
VisualStudioVersion = 16.0.29519.87
MinimumVisualStudioVersion = 10.0.40219.1
Project("{FAE04EC0-301F-11D3-BF4B-00C04F79EFBC}") = "Bercow_Bot", "Bercow_Bot\Bercow_Bot.csproj", "{A5241712-E59D-4126-9260-AA73519A72E2}"
EndProject
Global
	GlobalSection(SolutionConfigurationPlatforms) = preSolution
		Debug|Any CPU = Debug|Any CPU
		Release|Any CPU = Release|Any CPU
	EndGlobalSection
	GlobalSection(ProjectConfigurationPlatforms) = postSolution
		{A5241712-E59D-4126-9260-AA73519A72E2}.Debug|Any CPU.ActiveCfg = Debug|Any CPU
		{A5241712-E59D-4126-9260-AA73519A72E2}.Debug|Any CPU.Build.0 = Debug|Any CPU
		{A5241712-E59D-4126-9260-AA73519A72E2}.Release|Any CPU.ActiveCfg = Release|Any CPU
		{A5241712-E59D-4126-9260-AA73519A72E2}.Release|Any CPU.Build.0 = Release|Any CPU
	EndGlobalSection
	GlobalSection(SolutionProperties) = preSolution
		HideSolutionNode = FALSE
	EndGlobalSection
	GlobalSection(ExtensibilityGlobals) = postSolution
		SolutionGuid = {4F95308D-FF21-477C-B50E-CFF46FE11FAD}
	EndGlobalSection
EndGlobal
